
Microsoft Visual Studio Solution File, Format Version 12.00
# Visual Studio Version 17
VisualStudioVersion = 17.6.33723.286
MinimumVisualStudioVersion = 10.0.40219.1
Project("{FAE04EC0-301F-11D3-BF4B-00C04F79EFBC}") = "AuthMicroservice", "AuthMicroservice.csproj", "{CE826D9E-AC46-4451-9152-5AFE1534EDFB}"
EndProject
Global
	GlobalSection(SolutionConfigurationPlatforms) = preSolution
		Debug|Any CPU = Debug|Any CPU
		Release|Any CPU = Release|Any CPU
	EndGlobalSection
	GlobalSection(ProjectConfigurationPlatforms) = postSolution
		{CE826D9E-AC46-4451-9152-5AFE1534EDFB}.Debug|Any CPU.ActiveCfg = Debug|Any CPU
		{CE826D9E-AC46-4451-9152-5AFE1534EDFB}.Debug|Any CPU.Build.0 = Debug|Any CPU
		{CE826D9E-AC46-4451-9152-5AFE1534EDFB}.Release|Any CPU.ActiveCfg = Release|Any CPU
		{CE826D9E-AC46-4451-9152-5AFE1534EDFB}.Release|Any CPU.Build.0 = Release|Any CPU
	EndGlobalSection
	GlobalSection(SolutionProperties) = preSolution
		HideSolutionNode = FALSE
	EndGlobalSection
	GlobalSection(ExtensibilityGlobals) = postSolution
		SolutionGuid = {236CAF97-2A6B-4063-B1C5-BF9CDC4A66E4}
	EndGlobalSection
EndGlobal
